
Microsoft Visual Studio Solution File, Format Version 12.00
# Visual Studio Version 17
VisualStudioVersion = 17.0.32014.148
MinimumVisualStudioVersion = 10.0.40219.1
Project("{FAE04EC0-301F-11D3-BF4B-00C04F79EFBC}") = "Caching", "Caching\Caching.csproj", "{FFFA98A2-C480-4458-95FA-313F2BAE6F02}"
EndProject
Project("{FAE04EC0-301F-11D3-BF4B-00C04F79EFBC}") = "CachingTests", "CachingTests\CachingTests.csproj", "{A01D911D-549F-4F7A-859C-052EA1B4A044}"
EndProject
Global
	GlobalSection(SolutionConfigurationPlatforms) = preSolution
		Debug|Any CPU = Debug|Any CPU
		Release|Any CPU = Release|Any CPU
	EndGlobalSection
	GlobalSection(ProjectConfigurationPlatforms) = postSolution
		{FFFA98A2-C480-4458-95FA-313F2BAE6F02}.Debug|Any CPU.ActiveCfg = Debug|Any CPU
		{FFFA98A2-C480-4458-95FA-313F2BAE6F02}.Debug|Any CPU.Build.0 = Debug|Any CPU
		{FFFA98A2-C480-4458-95FA-313F2BAE6F02}.Release|Any CPU.ActiveCfg = Release|Any CPU
		{FFFA98A2-C480-4458-95FA-313F2BAE6F02}.Release|Any CPU.Build.0 = Release|Any CPU
		{A01D911D-549F-4F7A-859C-052EA1B4A044}.Debug|Any CPU.ActiveCfg = Debug|Any CPU
		{A01D911D-549F-4F7A-859C-052EA1B4A044}.Debug|Any CPU.Build.0 = Debug|Any CPU
		{A01D911D-549F-4F7A-859C-052EA1B4A044}.Release|Any CPU.ActiveCfg = Release|Any CPU
		{A01D911D-549F-4F7A-859C-052EA1B4A044}.Release|Any CPU.Build.0 = Release|Any CPU
	EndGlobalSection
	GlobalSection(SolutionProperties) = preSolution
		HideSolutionNode = FALSE
	EndGlobalSection
	GlobalSection(ExtensibilityGlobals) = postSolution
		SolutionGuid = {44551B19-E700-4972-AD7B-26CA24442069}
	EndGlobalSection
EndGlobal
